
Microsoft Visual Studio Solution File, Format Version 12.00
Project("{FAE04EC0-301F-11D3-BF4B-00C04F79EFBC}") = "Serwis", "Serwis\Serwis.csproj", "{BB527C9D-A9D7-4F75-8E34-B3250797F6D3}"
EndProject
Global
	GlobalSection(SolutionConfigurationPlatforms) = preSolution
		Debug|Any CPU = Debug|Any CPU
		Release|Any CPU = Release|Any CPU
	EndGlobalSection
	GlobalSection(ProjectConfigurationPlatforms) = postSolution
		{BB527C9D-A9D7-4F75-8E34-B3250797F6D3}.Debug|Any CPU.ActiveCfg = Debug|Any CPU
		{BB527C9D-A9D7-4F75-8E34-B3250797F6D3}.Debug|Any CPU.Build.0 = Debug|Any CPU
		{BB527C9D-A9D7-4F75-8E34-B3250797F6D3}.Release|Any CPU.ActiveCfg = Release|Any CPU
		{BB527C9D-A9D7-4F75-8E34-B3250797F6D3}.Release|Any CPU.Build.0 = Release|Any CPU
	EndGlobalSection
EndGlobal
